
Microsoft Visual Studio Solution File, Format Version 12.00
# Visual Studio Version 17
VisualStudioVersion = 17.8.34525.116
MinimumVisualStudioVersion = 10.0.40219.1
Project("{FAE04EC0-301F-11D3-BF4B-00C04F79EFBC}") = "DSA", "DSA\DSA.csproj", "{C409AC93-1D0F-48D0-8398-D8070D6A663B}"
EndProject
Project("{FAE04EC0-301F-11D3-BF4B-00C04F79EFBC}") = "DSA.Tests", "DSA.Tests\DSA.Tests.csproj", "{4A7D9C57-680B-4225-897A-4C56D72D209D}"
EndProject
Global
	GlobalSection(SolutionConfigurationPlatforms) = preSolution
		Debug|Any CPU = Debug|Any CPU
		Release|Any CPU = Release|Any CPU
	EndGlobalSection
	GlobalSection(ProjectConfigurationPlatforms) = postSolution
		{C409AC93-1D0F-48D0-8398-D8070D6A663B}.Debug|Any CPU.ActiveCfg = Debug|Any CPU
		{C409AC93-1D0F-48D0-8398-D8070D6A663B}.Debug|Any CPU.Build.0 = Debug|Any CPU
		{C409AC93-1D0F-48D0-8398-D8070D6A663B}.Release|Any CPU.ActiveCfg = Release|Any CPU
		{C409AC93-1D0F-48D0-8398-D8070D6A663B}.Release|Any CPU.Build.0 = Release|Any CPU
		{4A7D9C57-680B-4225-897A-4C56D72D209D}.Debug|Any CPU.ActiveCfg = Debug|Any CPU
		{4A7D9C57-680B-4225-897A-4C56D72D209D}.Debug|Any CPU.Build.0 = Debug|Any CPU
		{4A7D9C57-680B-4225-897A-4C56D72D209D}.Release|Any CPU.ActiveCfg = Release|Any CPU
		{4A7D9C57-680B-4225-897A-4C56D72D209D}.Release|Any CPU.Build.0 = Release|Any CPU
	EndGlobalSection
	GlobalSection(SolutionProperties) = preSolution
		HideSolutionNode = FALSE
	EndGlobalSection
	GlobalSection(ExtensibilityGlobals) = postSolution
		SolutionGuid = {1F6B7A28-DB78-44B5-9E90-14E85FF1C5E1}
	EndGlobalSection
EndGlobal
